<?xml version="1.0" encoding="UTF-8"?>
<!DOCTYPE plist PUBLIC "-//Apple//DTD PLIST 1.0//EN" "http://www.apple.com/DTDs/PropertyList-1.0.dtd">
<plist version="1.0">
<dict>
	<key>archiveVersion</key>
	<string>1</string>
	<key>classes</key>
	<dict/>
	<key>objectVersion</key>
	<string>46</string>
	<key>objects</key>
	<dict>
		<key>06A033F78F8848D7E8F1AB7D</key>
		<dict>
			<key>isa</key>
			<string>PBXFileReference</string>
			<key>lastKnownFileType</key>
			<string>wrapper.framework</string>
			<key>name</key>
			<string>SystemConfiguration.framework</string>
			<key>path</key>
			<string>System/Library/Frameworks/SystemConfiguration.framework</string>
			<key>sourceTree</key>
			<string>SDKROOT</string>
		</dict>
		<key>1489D865752969C72F928471</key>
		<dict>
			<key>fileRef</key>
			<string>7D1B8019F137F653FF4865DB</string>
			<key>isa</key>
			<string>PBXBuildFile</string>
		</dict>
		<key>1ABC6D2AED9337ACE8535262</key>
		<dict>
			<key>isa</key>
			<string>PBXFileReference</string>
			<key>lastKnownFileType</key>
			<string>wrapper.framework</string>
			<key>name</key>
			<string>CoreTelephony.framework</string>
			<key>path</key>
			<string>System/Library/Frameworks/CoreTelephony.framework</string>
			<key>sourceTree</key>
			<string>SDKROOT</string>
		</dict>
		<key>23D54F0D161F45235E127218</key>
		<dict>
			<key>isa</key>
			<string>PBXFileReference</string>
			<key>lastKnownFileType</key>
			<string>wrapper.framework</string>
			<key>name</key>
			<string>CoreVideo.framework</string>
			<key>path</key>
			<string>System/Library/Frameworks/CoreVideo.framework</string>
			<key>sourceTree</key>
			<string>SDKROOT</string>
		</dict>
		<key>3094CCFB66314D756F257F98</key>
		<dict>
			<key>fileRef</key>
			<string>1ABC6D2AED9337ACE8535262</string>
			<key>isa</key>
			<string>PBXBuildFile</string>
		</dict>
		<key>48495739397EE6315DD9D065</key>
		<dict>
			<key>fileRef</key>
			<string>8A250C3C56F3A963BD8FFCCA</string>
			<key>isa</key>
			<string>PBXBuildFile</string>
		</dict>
		<key>4FDBCBC151CD6BCB7FB88D30</key>
		<dict>
			<key>isa</key>
			<string>PBXFileReference</string>
			<key>lastKnownFileType</key>
			<string>wrapper.framework</string>
			<key>name</key>
			<string>CoreText.framework</string>
			<key>path</key>
			<string>System/Library/Frameworks/CoreText.framework</string>
			<key>sourceTree</key>
			<string>SDKROOT</string>
		</dict>
		<key>55D6252430B30E5C8EC8557E</key>
		<dict>
			<key>fileRef</key>
			<string>A86F1B480265B913B72AF12E</string>
			<key>isa</key>
			<string>PBXBuildFile</string>
		</dict>
		<key>7D1B8019F137F653FF4865DB</key>
		<dict>
			<key>isa</key>
			<string>PBXFileReference</string>
			<key>lastKnownFileType</key>
			<string>wrapper.framework</string>
			<key>name</key>
			<string>BuddyBuildSDK.framework</string>
			<key>path</key>
			<string>BuddyBuildSDK.framework</string>
			<key>sourceTree</key>
			<string>&lt;group&gt;</string>
		</dict>
		<key>8463113B4395109F7E5659DB</key>
		<dict>
			<key>fileRef</key>
			<string>F422C497A1E1EFC367F46489</string>
			<key>isa</key>
			<string>PBXBuildFile</string>
		</dict>
		<key>8A250C3C56F3A963BD8FFCCA</key>
		<dict>
			<key>isa</key>
			<string>PBXFileReference</string>
			<key>lastKnownFileType</key>
			<string>wrapper.framework</string>
			<key>name</key>
			<string>CoreMedia.framework</string>
			<key>path</key>
			<string>System/Library/Frameworks/CoreMedia.framework</string>
			<key>sourceTree</key>
			<string>SDKROOT</string>
		</dict>
		<key>8D51C708C9A76F36373AC72D</key>
		<dict>
			<key>fileRef</key>
			<string>06A033F78F8848D7E8F1AB7D</string>
			<key>isa</key>
			<string>PBXBuildFile</string>
		</dict>
		<key>A86F1B480265B913B72AF12E</key>
		<dict>
			<key>isa</key>
			<string>PBXFileReference</string>
			<key>lastKnownFileType</key>
			<string>wrapper.framework</string>
			<key>name</key>
			<string>QuartzCore.framework</string>
			<key>path</key>
			<string>System/Library/Frameworks/QuartzCore.framework</string>
			<key>sourceTree</key>
			<string>SDKROOT</string>
		</dict>
		<key>AA3BA146B686451CBC2679F9</key>
		<dict>
			<key>fileRef</key>
			<string>23D54F0D161F45235E127218</string>
			<key>isa</key>
			<string>PBXBuildFile</string>
		</dict>
		<key>B2EE72C01CE6FA3E0096E056</key>
		<dict>
			<key>children</key>
			<array>
				<string>B2EE72CB1CE6FA3E0096E056</string>
				<string>B2EE72E81CE6FA3E0096E056</string>
				<string>B2EE72F31CE6FA3F0096E056</string>
				<string>B2EE72CA1CE6FA3E0096E056</string>
				<string>F46D4EC488B4B3AE8D8DBDFC</string>
			</array>
			<key>isa</key>
			<string>PBXGroup</string>
			<key>sourceTree</key>
			<string>&lt;group&gt;</string>
		</dict>
		<key>B2EE72C11CE6FA3E0096E056</key>
		<dict>
			<key>attributes</key>
			<dict>
				<key>LastUpgradeCheck</key>
				<string>0720</string>
				<key>ORGANIZATIONNAME</key>
				<string>teks</string>
				<key>TargetAttributes</key>
				<dict>
					<key>B2EE72C81CE6FA3E0096E056</key>
					<dict>
						<key>CreatedOnToolsVersion</key>
						<string>7.2</string>
					</dict>
					<key>B2EE72E41CE6FA3E0096E056</key>
					<dict>
						<key>CreatedOnToolsVersion</key>
						<string>7.2</string>
						<key>TestTargetID</key>
						<string>B2EE72C81CE6FA3E0096E056</string>
					</dict>
					<key>B2EE72EF1CE6FA3F0096E056</key>
					<dict>
						<key>CreatedOnToolsVersion</key>
						<string>7.2</string>
						<key>TestTargetID</key>
						<string>B2EE72C81CE6FA3E0096E056</string>
					</dict>
				</dict>
			</dict>
			<key>buildConfigurationList</key>
			<string>B2EE72C41CE6FA3E0096E056</string>
			<key>compatibilityVersion</key>
			<string>Xcode 3.2</string>
			<key>developmentRegion</key>
			<string>English</string>
			<key>hasScannedForEncodings</key>
			<string>0</string>
			<key>isa</key>
			<string>PBXProject</string>
			<key>knownRegions</key>
			<array>
				<string>en</string>
				<string>Base</string>
			</array>
			<key>mainGroup</key>
			<string>B2EE72C01CE6FA3E0096E056</string>
			<key>productRefGroup</key>
			<string>B2EE72CA1CE6FA3E0096E056</string>
			<key>projectDirPath</key>
			<string></string>
			<key>projectReferences</key>
			<array/>
			<key>projectRoot</key>
			<string></string>
			<key>targets</key>
			<array>
				<string>B2EE72C81CE6FA3E0096E056</string>
				<string>B2EE72E41CE6FA3E0096E056</string>
				<string>B2EE72EF1CE6FA3F0096E056</string>
			</array>
		</dict>
		<key>B2EE72C41CE6FA3E0096E056</key>
		<dict>
			<key>buildConfigurations</key>
			<array>
				<string>B2EE72F71CE6FA3F0096E056</string>
				<string>B2EE72F81CE6FA3F0096E056</string>
			</array>
			<key>defaultConfigurationIsVisible</key>
			<string>0</string>
			<key>defaultConfigurationName</key>
			<string>Release</string>
			<key>isa</key>
			<string>XCConfigurationList</string>
		</dict>
		<key>B2EE72C51CE6FA3E0096E056</key>
		<dict>
			<key>buildActionMask</key>
			<string>2147483647</string>
			<key>files</key>
			<array>
				<string>B2EE73071CE70B9C0096E056</string>
				<string>B2EE73061CE70B9C0096E056</string>
				<string>B2EE72DA1CE6FA3E0096E056</string>
				<string>B2EE72D41CE6FA3E0096E056</string>
				<string>B2EE72D11CE6FA3E0096E056</string>
				<string>B2EE72CE1CE6FA3E0096E056</string>
			</array>
			<key>isa</key>
			<string>PBXSourcesBuildPhase</string>
			<key>runOnlyForDeploymentPostprocessing</key>
			<string>0</string>
		</dict>
		<key>B2EE72C61CE6FA3E0096E056</key>
		<dict>
			<key>buildActionMask</key>
			<string>2147483647</string>
			<key>files</key>
			<array>
				<string>1489D865752969C72F928471</string>
				<string>D349E064A8A0984F7A6A74CF</string>
				<string>D8A3D51EBC148E7631C2B1C1</string>
				<string>3094CCFB66314D756F257F98</string>
				<string>8D51C708C9A76F36373AC72D</string>
				<string>55D6252430B30E5C8EC8557E</string>
				<string>8463113B4395109F7E5659DB</string>
				<string>48495739397EE6315DD9D065</string>
				<string>AA3BA146B686451CBC2679F9</string>
			</array>
			<key>isa</key>
			<string>PBXFrameworksBuildPhase</string>
			<key>runOnlyForDeploymentPostprocessing</key>
			<string>0</string>
		</dict>
		<key>B2EE72C71CE6FA3E0096E056</key>
		<dict>
			<key>buildActionMask</key>
			<string>2147483647</string>
			<key>files</key>
			<array>
				<string>B2EE72DF1CE6FA3E0096E056</string>
				<string>B2EE72DC1CE6FA3E0096E056</string>
				<string>B2EE72D71CE6FA3E0096E056</string>
			</array>
			<key>isa</key>
			<string>PBXResourcesBuildPhase</string>
			<key>runOnlyForDeploymentPostprocessing</key>
			<string>0</string>
		</dict>
		<key>B2EE72C81CE6FA3E0096E056</key>
		<dict>
			<key>buildConfigurationList</key>
			<string>B2EE72F91CE6FA3F0096E056</string>
			<key>buildPhases</key>
			<array>
				<string>B2EE72C51CE6FA3E0096E056</string>
				<string>B2EE72C61CE6FA3E0096E056</string>
				<string>B2EE72C71CE6FA3E0096E056</string>
			</array>
			<key>buildRules</key>
			<array/>
			<key>dependencies</key>
			<array/>
			<key>isa</key>
			<string>PBXNativeTarget</string>
			<key>name</key>
			<string>AppCoreData</string>
			<key>productName</key>
			<string>AppCoreData</string>
			<key>productReference</key>
			<string>B2EE72C91CE6FA3E0096E056</string>
			<key>productType</key>
			<string>com.apple.product-type.application</string>
		</dict>
		<key>B2EE72C91CE6FA3E0096E056</key>
		<dict>
			<key>explicitFileType</key>
			<string>wrapper.application</string>
			<key>includeInIndex</key>
			<string>0</string>
			<key>isa</key>
			<string>PBXFileReference</string>
			<key>path</key>
			<string>AppCoreData.app</string>
			<key>sourceTree</key>
			<string>BUILT_PRODUCTS_DIR</string>
		</dict>
		<key>B2EE72CA1CE6FA3E0096E056</key>
		<dict>
			<key>children</key>
			<array>
				<string>B2EE72C91CE6FA3E0096E056</string>
				<string>B2EE72E51CE6FA3E0096E056</string>
				<string>B2EE72F01CE6FA3F0096E056</string>
			</array>
			<key>isa</key>
			<string>PBXGroup</string>
			<key>name</key>
			<string>Products</string>
			<key>sourceTree</key>
			<string>&lt;group&gt;</string>
		</dict>
		<key>B2EE72CB1CE6FA3E0096E056</key>
		<dict>
			<key>children</key>
			<array>
				<string>B2EE72CF1CE6FA3E0096E056</string>
				<string>B2EE72D01CE6FA3E0096E056</string>
				<string>B2EE72D21CE6FA3E0096E056</string>
				<string>B2EE72D31CE6FA3E0096E056</string>
				<string>B2EE72D51CE6FA3E0096E056</string>
				<string>B2EE72DB1CE6FA3E0096E056</string>
				<string>B2EE72DD1CE6FA3E0096E056</string>
				<string>B2EE72E01CE6FA3E0096E056</string>
				<string>B2EE72D81CE6FA3E0096E056</string>
				<string>B2EE72CC1CE6FA3E0096E056</string>
				<string>B2EE73021CE70B9C0096E056</string>
				<string>B2EE73031CE70B9C0096E056</string>
				<string>B2EE73041CE70B9C0096E056</string>
				<string>B2EE73051CE70B9C0096E056</string>
			</array>
			<key>isa</key>
			<string>PBXGroup</string>
			<key>path</key>
			<string>AppCoreData</string>
			<key>sourceTree</key>
			<string>&lt;group&gt;</string>
		</dict>
		<key>B2EE72CC1CE6FA3E0096E056</key>
		<dict>
			<key>children</key>
			<array>
				<string>B2EE72CD1CE6FA3E0096E056</string>
			</array>
			<key>isa</key>
			<string>PBXGroup</string>
			<key>name</key>
			<string>Supporting Files</string>
			<key>sourceTree</key>
			<string>&lt;group&gt;</string>
		</dict>
		<key>B2EE72CD1CE6FA3E0096E056</key>
		<dict>
			<key>isa</key>
			<string>PBXFileReference</string>
			<key>lastKnownFileType</key>
			<string>sourcecode.c.objc</string>
			<key>path</key>
			<string>main.m</string>
			<key>sourceTree</key>
			<string>&lt;group&gt;</string>
		</dict>
		<key>B2EE72CE1CE6FA3E0096E056</key>
		<dict>
			<key>fileRef</key>
			<string>B2EE72CD1CE6FA3E0096E056</string>
			<key>isa</key>
			<string>PBXBuildFile</string>
		</dict>
		<key>B2EE72CF1CE6FA3E0096E056</key>
		<dict>
			<key>isa</key>
			<string>PBXFileReference</string>
			<key>lastKnownFileType</key>
			<string>sourcecode.c.h</string>
			<key>path</key>
			<string>AppDelegate.h</string>
			<key>sourceTree</key>
			<string>&lt;group&gt;</string>
		</dict>
		<key>B2EE72D01CE6FA3E0096E056</key>
		<dict>
			<key>isa</key>
			<string>PBXFileReference</string>
			<key>lastKnownFileType</key>
			<string>sourcecode.c.objc</string>
			<key>path</key>
			<string>AppDelegate.m</string>
			<key>sourceTree</key>
			<string>&lt;group&gt;</string>
		</dict>
		<key>B2EE72D11CE6FA3E0096E056</key>
		<dict>
			<key>fileRef</key>
			<string>B2EE72D01CE6FA3E0096E056</string>
			<key>isa</key>
			<string>PBXBuildFile</string>
		</dict>
		<key>B2EE72D21CE6FA3E0096E056</key>
		<dict>
			<key>isa</key>
			<string>PBXFileReference</string>
			<key>lastKnownFileType</key>
			<string>sourcecode.c.h</string>
			<key>path</key>
			<string>ViewController.h</string>
			<key>sourceTree</key>
			<string>&lt;group&gt;</string>
		</dict>
		<key>B2EE72D31CE6FA3E0096E056</key>
		<dict>
			<key>isa</key>
			<string>PBXFileReference</string>
			<key>lastKnownFileType</key>
			<string>sourcecode.c.objc</string>
			<key>path</key>
			<string>ViewController.m</string>
			<key>sourceTree</key>
			<string>&lt;group&gt;</string>
		</dict>
		<key>B2EE72D41CE6FA3E0096E056</key>
		<dict>
			<key>fileRef</key>
			<string>B2EE72D31CE6FA3E0096E056</string>
			<key>isa</key>
			<string>PBXBuildFile</string>
		</dict>
		<key>B2EE72D51CE6FA3E0096E056</key>
		<dict>
			<key>children</key>
			<array>
				<string>B2EE72D61CE6FA3E0096E056</string>
			</array>
			<key>isa</key>
			<string>PBXVariantGroup</string>
			<key>name</key>
			<string>Main.storyboard</string>
			<key>sourceTree</key>
			<string>&lt;group&gt;</string>
		</dict>
		<key>B2EE72D61CE6FA3E0096E056</key>
		<dict>
			<key>isa</key>
			<string>PBXFileReference</string>
			<key>lastKnownFileType</key>
			<string>file.storyboard</string>
			<key>name</key>
			<string>Base</string>
			<key>path</key>
			<string>Base.lproj/Main.storyboard</string>
			<key>sourceTree</key>
			<string>&lt;group&gt;</string>
		</dict>
		<key>B2EE72D71CE6FA3E0096E056</key>
		<dict>
			<key>fileRef</key>
			<string>B2EE72D51CE6FA3E0096E056</string>
			<key>isa</key>
			<string>PBXBuildFile</string>
		</dict>
		<key>B2EE72D81CE6FA3E0096E056</key>
		<dict>
			<key>children</key>
			<array>
				<string>B2EE72D91CE6FA3E0096E056</string>
			</array>
			<key>currentVersion</key>
			<string>B2EE72D91CE6FA3E0096E056</string>
			<key>isa</key>
			<string>XCVersionGroup</string>
			<key>path</key>
			<string>AppCoreData.xcdatamodeld</string>
			<key>sourceTree</key>
			<string>&lt;group&gt;</string>
			<key>versionGroupType</key>
			<string>wrapper.xcdatamodel</string>
		</dict>
		<key>B2EE72D91CE6FA3E0096E056</key>
		<dict>
			<key>isa</key>
			<string>PBXFileReference</string>
			<key>lastKnownFileType</key>
			<string>wrapper.xcdatamodel</string>
			<key>path</key>
			<string>AppCoreData.xcdatamodel</string>
			<key>sourceTree</key>
			<string>&lt;group&gt;</string>
		</dict>
		<key>B2EE72DA1CE6FA3E0096E056</key>
		<dict>
			<key>fileRef</key>
			<string>B2EE72D81CE6FA3E0096E056</string>
			<key>isa</key>
			<string>PBXBuildFile</string>
		</dict>
		<key>B2EE72DB1CE6FA3E0096E056</key>
		<dict>
			<key>isa</key>
			<string>PBXFileReference</string>
			<key>lastKnownFileType</key>
			<string>folder.assetcatalog</string>
			<key>path</key>
			<string>Assets.xcassets</string>
			<key>sourceTree</key>
			<string>&lt;group&gt;</string>
		</dict>
		<key>B2EE72DC1CE6FA3E0096E056</key>
		<dict>
			<key>fileRef</key>
			<string>B2EE72DB1CE6FA3E0096E056</string>
			<key>isa</key>
			<string>PBXBuildFile</string>
		</dict>
		<key>B2EE72DD1CE6FA3E0096E056</key>
		<dict>
			<key>children</key>
			<array>
				<string>B2EE72DE1CE6FA3E0096E056</string>
			</array>
			<key>isa</key>
			<string>PBXVariantGroup</string>
			<key>name</key>
			<string>LaunchScreen.storyboard</string>
			<key>sourceTree</key>
			<string>&lt;group&gt;</string>
		</dict>
		<key>B2EE72DE1CE6FA3E0096E056</key>
		<dict>
			<key>isa</key>
			<string>PBXFileReference</string>
			<key>lastKnownFileType</key>
			<string>file.storyboard</string>
			<key>name</key>
			<string>Base</string>
			<key>path</key>
			<string>Base.lproj/LaunchScreen.storyboard</string>
			<key>sourceTree</key>
			<string>&lt;group&gt;</string>
		</dict>
		<key>B2EE72DF1CE6FA3E0096E056</key>
		<dict>
			<key>fileRef</key>
			<string>B2EE72DD1CE6FA3E0096E056</string>
			<key>isa</key>
			<string>PBXBuildFile</string>
		</dict>
		<key>B2EE72E01CE6FA3E0096E056</key>
		<dict>
			<key>isa</key>
			<string>PBXFileReference</string>
			<key>lastKnownFileType</key>
			<string>text.plist.xml</string>
			<key>path</key>
			<string>Info.plist</string>
			<key>sourceTree</key>
			<string>&lt;group&gt;</string>
		</dict>
		<key>B2EE72E11CE6FA3E0096E056</key>
		<dict>
			<key>buildActionMask</key>
			<string>2147483647</string>
			<key>files</key>
			<array>
				<string>B2EE72EA1CE6FA3E0096E056</string>
			</array>
			<key>isa</key>
			<string>PBXSourcesBuildPhase</string>
			<key>runOnlyForDeploymentPostprocessing</key>
			<string>0</string>
		</dict>
		<key>B2EE72E21CE6FA3E0096E056</key>
		<dict>
			<key>buildActionMask</key>
			<string>2147483647</string>
			<key>files</key>
			<array/>
			<key>isa</key>
			<string>PBXFrameworksBuildPhase</string>
			<key>runOnlyForDeploymentPostprocessing</key>
			<string>0</string>
		</dict>
		<key>B2EE72E31CE6FA3E0096E056</key>
		<dict>
			<key>buildActionMask</key>
			<string>2147483647</string>
			<key>files</key>
			<array/>
			<key>isa</key>
			<string>PBXResourcesBuildPhase</string>
			<key>runOnlyForDeploymentPostprocessing</key>
			<string>0</string>
		</dict>
		<key>B2EE72E41CE6FA3E0096E056</key>
		<dict>
			<key>buildConfigurationList</key>
			<string>B2EE72FC1CE6FA3F0096E056</string>
			<key>buildPhases</key>
			<array>
				<string>B2EE72E11CE6FA3E0096E056</string>
				<string>B2EE72E21CE6FA3E0096E056</string>
				<string>B2EE72E31CE6FA3E0096E056</string>
			</array>
			<key>buildRules</key>
			<array/>
			<key>dependencies</key>
			<array>
				<string>B2EE72E71CE6FA3E0096E056</string>
			</array>
			<key>isa</key>
			<string>PBXNativeTarget</string>
			<key>name</key>
			<string>AppCoreDataTests</string>
			<key>productName</key>
			<string>AppCoreDataTests</string>
			<key>productReference</key>
			<string>B2EE72E51CE6FA3E0096E056</string>
			<key>productType</key>
			<string>com.apple.product-type.bundle.unit-test</string>
		</dict>
		<key>B2EE72E51CE6FA3E0096E056</key>
		<dict>
			<key>explicitFileType</key>
			<string>wrapper.cfbundle</string>
			<key>includeInIndex</key>
			<string>0</string>
			<key>isa</key>
			<string>PBXFileReference</string>
			<key>path</key>
			<string>AppCoreDataTests.xctest</string>
			<key>sourceTree</key>
			<string>BUILT_PRODUCTS_DIR</string>
		</dict>
		<key>B2EE72E61CE6FA3E0096E056</key>
		<dict>
			<key>containerPortal</key>
			<string>B2EE72C11CE6FA3E0096E056</string>
			<key>isa</key>
			<string>PBXContainerItemProxy</string>
			<key>proxyType</key>
			<string>1</string>
			<key>remoteGlobalIDString</key>
			<string>B2EE72C81CE6FA3E0096E056</string>
			<key>remoteInfo</key>
			<string>AppCoreData</string>
		</dict>
		<key>B2EE72E71CE6FA3E0096E056</key>
		<dict>
			<key>isa</key>
			<string>PBXTargetDependency</string>
			<key>target</key>
			<string>B2EE72C81CE6FA3E0096E056</string>
			<key>targetProxy</key>
			<string>B2EE72E61CE6FA3E0096E056</string>
		</dict>
		<key>B2EE72E81CE6FA3E0096E056</key>
		<dict>
			<key>children</key>
			<array>
				<string>B2EE72E91CE6FA3E0096E056</string>
				<string>B2EE72EB1CE6FA3F0096E056</string>
			</array>
			<key>isa</key>
			<string>PBXGroup</string>
			<key>path</key>
			<string>AppCoreDataTests</string>
			<key>sourceTree</key>
			<string>&lt;group&gt;</string>
		</dict>
		<key>B2EE72E91CE6FA3E0096E056</key>
		<dict>
			<key>isa</key>
			<string>PBXFileReference</string>
			<key>lastKnownFileType</key>
			<string>sourcecode.c.objc</string>
			<key>path</key>
			<string>AppCoreDataTests.m</string>
			<key>sourceTree</key>
			<string>&lt;group&gt;</string>
		</dict>
		<key>B2EE72EA1CE6FA3E0096E056</key>
		<dict>
			<key>fileRef</key>
			<string>B2EE72E91CE6FA3E0096E056</string>
			<key>isa</key>
			<string>PBXBuildFile</string>
		</dict>
		<key>B2EE72EB1CE6FA3F0096E056</key>
		<dict>
			<key>isa</key>
			<string>PBXFileReference</string>
			<key>lastKnownFileType</key>
			<string>text.plist.xml</string>
			<key>path</key>
			<string>Info.plist</string>
			<key>sourceTree</key>
			<string>&lt;group&gt;</string>
		</dict>
		<key>B2EE72EC1CE6FA3F0096E056</key>
		<dict>
			<key>buildActionMask</key>
			<string>2147483647</string>
			<key>files</key>
			<array>
				<string>B2EE72F51CE6FA3F0096E056</string>
			</array>
			<key>isa</key>
			<string>PBXSourcesBuildPhase</string>
			<key>runOnlyForDeploymentPostprocessing</key>
			<string>0</string>
		</dict>
		<key>B2EE72ED1CE6FA3F0096E056</key>
		<dict>
			<key>buildActionMask</key>
			<string>2147483647</string>
			<key>files</key>
			<array/>
			<key>isa</key>
			<string>PBXFrameworksBuildPhase</string>
			<key>runOnlyForDeploymentPostprocessing</key>
			<string>0</string>
		</dict>
		<key>B2EE72EE1CE6FA3F0096E056</key>
		<dict>
			<key>buildActionMask</key>
			<string>2147483647</string>
			<key>files</key>
			<array/>
			<key>isa</key>
			<string>PBXResourcesBuildPhase</string>
			<key>runOnlyForDeploymentPostprocessing</key>
			<string>0</string>
		</dict>
		<key>B2EE72EF1CE6FA3F0096E056</key>
		<dict>
			<key>buildConfigurationList</key>
			<string>B2EE72FF1CE6FA3F0096E056</string>
			<key>buildPhases</key>
			<array>
				<string>B2EE72EC1CE6FA3F0096E056</string>
				<string>B2EE72ED1CE6FA3F0096E056</string>
				<string>B2EE72EE1CE6FA3F0096E056</string>
			</array>
			<key>buildRules</key>
			<array/>
			<key>dependencies</key>
			<array>
				<string>B2EE72F21CE6FA3F0096E056</string>
			</array>
			<key>isa</key>
			<string>PBXNativeTarget</string>
			<key>name</key>
			<string>AppCoreDataUITests</string>
			<key>productName</key>
			<string>AppCoreDataUITests</string>
			<key>productReference</key>
			<string>B2EE72F01CE6FA3F0096E056</string>
			<key>productType</key>
			<string>com.apple.product-type.bundle.ui-testing</string>
		</dict>
		<key>B2EE72F01CE6FA3F0096E056</key>
		<dict>
			<key>explicitFileType</key>
			<string>wrapper.cfbundle</string>
			<key>includeInIndex</key>
			<string>0</string>
			<key>isa</key>
			<string>PBXFileReference</string>
			<key>path</key>
			<string>AppCoreDataUITests.xctest</string>
			<key>sourceTree</key>
			<string>BUILT_PRODUCTS_DIR</string>
		</dict>
		<key>B2EE72F11CE6FA3F0096E056</key>
		<dict>
			<key>containerPortal</key>
			<string>B2EE72C11CE6FA3E0096E056</string>
			<key>isa</key>
			<string>PBXContainerItemProxy</string>
			<key>proxyType</key>
			<string>1</string>
			<key>remoteGlobalIDString</key>
			<string>B2EE72C81CE6FA3E0096E056</string>
			<key>remoteInfo</key>
			<string>AppCoreData</string>
		</dict>
		<key>B2EE72F21CE6FA3F0096E056</key>
		<dict>
			<key>isa</key>
			<string>PBXTargetDependency</string>
			<key>target</key>
			<string>B2EE72C81CE6FA3E0096E056</string>
			<key>targetProxy</key>
			<string>B2EE72F11CE6FA3F0096E056</string>
		</dict>
		<key>B2EE72F31CE6FA3F0096E056</key>
		<dict>
			<key>children</key>
			<array>
				<string>B2EE72F41CE6FA3F0096E056</string>
				<string>B2EE72F61CE6FA3F0096E056</string>
			</array>
			<key>isa</key>
			<string>PBXGroup</string>
			<key>path</key>
			<string>AppCoreDataUITests</string>
			<key>sourceTree</key>
			<string>&lt;group&gt;</string>
		</dict>
		<key>B2EE72F41CE6FA3F0096E056</key>
		<dict>
			<key>isa</key>
			<string>PBXFileReference</string>
			<key>lastKnownFileType</key>
			<string>sourcecode.c.objc</string>
			<key>path</key>
			<string>AppCoreDataUITests.m</string>
			<key>sourceTree</key>
			<string>&lt;group&gt;</string>
		</dict>
		<key>B2EE72F51CE6FA3F0096E056</key>
		<dict>
			<key>fileRef</key>
			<string>B2EE72F41CE6FA3F0096E056</string>
			<key>isa</key>
			<string>PBXBuildFile</string>
		</dict>
		<key>B2EE72F61CE6FA3F0096E056</key>
		<dict>
			<key>isa</key>
			<string>PBXFileReference</string>
			<key>lastKnownFileType</key>
			<string>text.plist.xml</string>
			<key>path</key>
			<string>Info.plist</string>
			<key>sourceTree</key>
			<string>&lt;group&gt;</string>
		</dict>
		<key>B2EE72F71CE6FA3F0096E056</key>
		<dict>
			<key>buildSettings</key>
			<dict>
				<key>ALWAYS_SEARCH_USER_PATHS</key>
				<string>NO</string>
				<key>CLANG_CXX_LANGUAGE_STANDARD</key>
				<string>gnu++0x</string>
				<key>CLANG_CXX_LIBRARY</key>
				<string>libc++</string>
				<key>CLANG_ENABLE_MODULES</key>
				<string>YES</string>
				<key>CLANG_ENABLE_OBJC_ARC</key>
				<string>YES</string>
				<key>CLANG_WARN_BOOL_CONVERSION</key>
				<string>YES</string>
				<key>CLANG_WARN_CONSTANT_CONVERSION</key>
				<string>YES</string>
				<key>CLANG_WARN_DIRECT_OBJC_ISA_USAGE</key>
				<string>YES_ERROR</string>
				<key>CLANG_WARN_EMPTY_BODY</key>
				<string>YES</string>
				<key>CLANG_WARN_ENUM_CONVERSION</key>
				<string>YES</string>
				<key>CLANG_WARN_INT_CONVERSION</key>
				<string>YES</string>
				<key>CLANG_WARN_OBJC_ROOT_CLASS</key>
				<string>YES_ERROR</string>
				<key>CLANG_WARN_UNREACHABLE_CODE</key>
				<string>YES</string>
				<key>CLANG_WARN__DUPLICATE_METHOD_MATCH</key>
				<string>YES</string>
				<key>CODE_SIGN_IDENTITY[sdk=iphoneos*]</key>
				<string>iPhone Developer</string>
				<key>COPY_PHASE_STRIP</key>
				<string>NO</string>
				<key>DEBUG_INFORMATION_FORMAT</key>
				<string>dwarf</string>
				<key>ENABLE_STRICT_OBJC_MSGSEND</key>
				<string>YES</string>
				<key>ENABLE_TESTABILITY</key>
				<string>YES</string>
				<key>GCC_C_LANGUAGE_STANDARD</key>
				<string>gnu99</string>
				<key>GCC_DYNAMIC_NO_PIC</key>
				<string>NO</string>
				<key>GCC_NO_COMMON_BLOCKS</key>
				<string>YES</string>
				<key>GCC_OPTIMIZATION_LEVEL</key>
				<string>0</string>
				<key>GCC_PREPROCESSOR_DEFINITIONS</key>
				<array>
					<string>DEBUG=1</string>
					<string>$(inherited)</string>
				</array>
				<key>GCC_WARN_64_TO_32_BIT_CONVERSION</key>
				<string>YES</string>
				<key>GCC_WARN_ABOUT_RETURN_TYPE</key>
				<string>YES_ERROR</string>
				<key>GCC_WARN_UNDECLARED_SELECTOR</key>
				<string>YES</string>
				<key>GCC_WARN_UNINITIALIZED_AUTOS</key>
				<string>YES_AGGRESSIVE</string>
				<key>GCC_WARN_UNUSED_FUNCTION</key>
				<string>YES</string>
				<key>GCC_WARN_UNUSED_VARIABLE</key>
				<string>YES</string>
				<key>IPHONEOS_DEPLOYMENT_TARGET</key>
				<string>9.2</string>
				<key>MTL_ENABLE_DEBUG_INFO</key>
				<string>YES</string>
				<key>ONLY_ACTIVE_ARCH</key>
				<string>YES</string>
				<key>SDKROOT</key>
				<string>iphoneos</string>
			</dict>
			<key>isa</key>
			<string>XCBuildConfiguration</string>
			<key>name</key>
			<string>Debug</string>
		</dict>
		<key>B2EE72F81CE6FA3F0096E056</key>
		<dict>
			<key>buildSettings</key>
			<dict>
				<key>ALWAYS_SEARCH_USER_PATHS</key>
				<string>NO</string>
				<key>CLANG_CXX_LANGUAGE_STANDARD</key>
				<string>gnu++0x</string>
				<key>CLANG_CXX_LIBRARY</key>
				<string>libc++</string>
				<key>CLANG_ENABLE_MODULES</key>
				<string>YES</string>
				<key>CLANG_ENABLE_OBJC_ARC</key>
				<string>YES</string>
				<key>CLANG_WARN_BOOL_CONVERSION</key>
				<string>YES</string>
				<key>CLANG_WARN_CONSTANT_CONVERSION</key>
				<string>YES</string>
				<key>CLANG_WARN_DIRECT_OBJC_ISA_USAGE</key>
				<string>YES_ERROR</string>
				<key>CLANG_WARN_EMPTY_BODY</key>
				<string>YES</string>
				<key>CLANG_WARN_ENUM_CONVERSION</key>
				<string>YES</string>
				<key>CLANG_WARN_INT_CONVERSION</key>
				<string>YES</string>
				<key>CLANG_WARN_OBJC_ROOT_CLASS</key>
				<string>YES_ERROR</string>
				<key>CLANG_WARN_UNREACHABLE_CODE</key>
				<string>YES</string>
				<key>CLANG_WARN__DUPLICATE_METHOD_MATCH</key>
				<string>YES</string>
				<key>CODE_SIGN_IDENTITY[sdk=iphoneos*]</key>
				<string>iPhone Developer</string>
				<key>COPY_PHASE_STRIP</key>
				<string>NO</string>
				<key>DEBUG_INFORMATION_FORMAT</key>
				<string>dwarf-with-dsym</string>
				<key>ENABLE_NS_ASSERTIONS</key>
				<string>NO</string>
				<key>ENABLE_STRICT_OBJC_MSGSEND</key>
				<string>YES</string>
				<key>GCC_C_LANGUAGE_STANDARD</key>
				<string>gnu99</string>
				<key>GCC_NO_COMMON_BLOCKS</key>
				<string>YES</string>
				<key>GCC_WARN_64_TO_32_BIT_CONVERSION</key>
				<string>YES</string>
				<key>GCC_WARN_ABOUT_RETURN_TYPE</key>
				<string>YES_ERROR</string>
				<key>GCC_WARN_UNDECLARED_SELECTOR</key>
				<string>YES</string>
				<key>GCC_WARN_UNINITIALIZED_AUTOS</key>
				<string>YES_AGGRESSIVE</string>
				<key>GCC_WARN_UNUSED_FUNCTION</key>
				<string>YES</string>
				<key>GCC_WARN_UNUSED_VARIABLE</key>
				<string>YES</string>
				<key>IPHONEOS_DEPLOYMENT_TARGET</key>
				<string>9.2</string>
				<key>MTL_ENABLE_DEBUG_INFO</key>
				<string>NO</string>
				<key>SDKROOT</key>
				<string>iphoneos</string>
				<key>VALIDATE_PRODUCT</key>
				<string>YES</string>
			</dict>
			<key>isa</key>
			<string>XCBuildConfiguration</string>
			<key>name</key>
			<string>Release</string>
		</dict>
		<key>B2EE72F91CE6FA3F0096E056</key>
		<dict>
			<key>buildConfigurations</key>
			<array>
				<string>B2EE72FA1CE6FA3F0096E056</string>
				<string>B2EE72FB1CE6FA3F0096E056</string>
			</array>
			<key>defaultConfigurationIsVisible</key>
			<string>0</string>
			<key>isa</key>
			<string>XCConfigurationList</string>
		</dict>
		<key>B2EE72FA1CE6FA3F0096E056</key>
		<dict>
			<key>buildSettings</key>
			<dict>
				<key>ASSETCATALOG_COMPILER_APPICON_NAME</key>
				<string>AppIcon</string>
				<key>FRAMEWORK_SEARCH_PATHS</key>
				<array>
					<string>$(inherited)</string>
					<string>$(PROJECT_DIR)</string>
				</array>
				<key>INFOPLIST_FILE</key>
				<string>AppCoreData/Info.plist</string>
				<key>LD_RUNPATH_SEARCH_PATHS</key>
				<string>$(inherited) @executable_path/Frameworks</string>
				<key>PRODUCT_BUNDLE_IDENTIFIER</key>
				<string>com.teck.AppCoreData</string>
				<key>PRODUCT_NAME</key>
				<string>$(TARGET_NAME)</string>
			</dict>
			<key>isa</key>
			<string>XCBuildConfiguration</string>
			<key>name</key>
			<string>Debug</string>
		</dict>
		<key>B2EE72FB1CE6FA3F0096E056</key>
		<dict>
			<key>buildSettings</key>
			<dict>
				<key>ASSETCATALOG_COMPILER_APPICON_NAME</key>
				<string>AppIcon</string>
				<key>FRAMEWORK_SEARCH_PATHS</key>
				<array>
					<string>$(inherited)</string>
					<string>$(PROJECT_DIR)</string>
				</array>
				<key>INFOPLIST_FILE</key>
				<string>AppCoreData/Info.plist</string>
				<key>LD_RUNPATH_SEARCH_PATHS</key>
				<string>$(inherited) @executable_path/Frameworks</string>
				<key>PRODUCT_BUNDLE_IDENTIFIER</key>
				<string>com.teck.AppCoreData</string>
				<key>PRODUCT_NAME</key>
				<string>$(TARGET_NAME)</string>
			</dict>
			<key>isa</key>
			<string>XCBuildConfiguration</string>
			<key>name</key>
			<string>Release</string>
		</dict>
		<key>B2EE72FC1CE6FA3F0096E056</key>
		<dict>
			<key>buildConfigurations</key>
			<array>
				<string>B2EE72FD1CE6FA3F0096E056</string>
				<string>B2EE72FE1CE6FA3F0096E056</string>
			</array>
			<key>defaultConfigurationIsVisible</key>
			<string>0</string>
			<key>isa</key>
			<string>XCConfigurationList</string>
		</dict>
		<key>B2EE72FD1CE6FA3F0096E056</key>
		<dict>
			<key>buildSettings</key>
			<dict>
				<key>BUNDLE_LOADER</key>
				<string>$(TEST_HOST)</string>
				<key>INFOPLIST_FILE</key>
				<string>AppCoreDataTests/Info.plist</string>
				<key>LD_RUNPATH_SEARCH_PATHS</key>
				<string>$(inherited) @executable_path/Frameworks @loader_path/Frameworks</string>
				<key>PRODUCT_BUNDLE_IDENTIFIER</key>
				<string>com.teck.AppCoreDataTests</string>
				<key>PRODUCT_NAME</key>
				<string>$(TARGET_NAME)</string>
				<key>TEST_HOST</key>
				<string>$(BUILT_PRODUCTS_DIR)/AppCoreData.app/AppCoreData</string>
			</dict>
			<key>isa</key>
			<string>XCBuildConfiguration</string>
			<key>name</key>
			<string>Debug</string>
		</dict>
		<key>B2EE72FE1CE6FA3F0096E056</key>
		<dict>
			<key>buildSettings</key>
			<dict>
				<key>BUNDLE_LOADER</key>
				<string>$(TEST_HOST)</string>
				<key>INFOPLIST_FILE</key>
				<string>AppCoreDataTests/Info.plist</string>
				<key>LD_RUNPATH_SEARCH_PATHS</key>
				<string>$(inherited) @executable_path/Frameworks @loader_path/Frameworks</string>
				<key>PRODUCT_BUNDLE_IDENTIFIER</key>
				<string>com.teck.AppCoreDataTests</string>
				<key>PRODUCT_NAME</key>
				<string>$(TARGET_NAME)</string>
				<key>TEST_HOST</key>
				<string>$(BUILT_PRODUCTS_DIR)/AppCoreData.app/AppCoreData</string>
			</dict>
			<key>isa</key>
			<string>XCBuildConfiguration</string>
			<key>name</key>
			<string>Release</string>
		</dict>
		<key>B2EE72FF1CE6FA3F0096E056</key>
		<dict>
			<key>buildConfigurations</key>
			<array>
				<string>B2EE73001CE6FA3F0096E056</string>
				<string>B2EE73011CE6FA3F0096E056</string>
			</array>
			<key>defaultConfigurationIsVisible</key>
			<string>0</string>
			<key>isa</key>
			<string>XCConfigurationList</string>
		</dict>
		<key>B2EE73001CE6FA3F0096E056</key>
		<dict>
			<key>buildSettings</key>
			<dict>
				<key>INFOPLIST_FILE</key>
				<string>AppCoreDataUITests/Info.plist</string>
				<key>LD_RUNPATH_SEARCH_PATHS</key>
				<string>$(inherited) @executable_path/Frameworks @loader_path/Frameworks</string>
				<key>PRODUCT_BUNDLE_IDENTIFIER</key>
				<string>com.teck.AppCoreDataUITests</string>
				<key>PRODUCT_NAME</key>
				<string>$(TARGET_NAME)</string>
				<key>TEST_TARGET_NAME</key>
				<string>AppCoreData</string>
				<key>USES_XCTRUNNER</key>
				<string>YES</string>
			</dict>
			<key>isa</key>
			<string>XCBuildConfiguration</string>
			<key>name</key>
			<string>Debug</string>
		</dict>
		<key>B2EE73011CE6FA3F0096E056</key>
		<dict>
			<key>buildSettings</key>
			<dict>
				<key>INFOPLIST_FILE</key>
				<string>AppCoreDataUITests/Info.plist</string>
				<key>LD_RUNPATH_SEARCH_PATHS</key>
				<string>$(inherited) @executable_path/Frameworks @loader_path/Frameworks</string>
				<key>PRODUCT_BUNDLE_IDENTIFIER</key>
				<string>com.teck.AppCoreDataUITests</string>
				<key>PRODUCT_NAME</key>
				<string>$(TARGET_NAME)</string>
				<key>TEST_TARGET_NAME</key>
				<string>AppCoreData</string>
				<key>USES_XCTRUNNER</key>
				<string>YES</string>
			</dict>
			<key>isa</key>
			<string>XCBuildConfiguration</string>
			<key>name</key>
			<string>Release</string>
		</dict>
		<key>B2EE73021CE70B9C0096E056</key>
		<dict>
			<key>fileEncoding</key>
			<string>4</string>
			<key>isa</key>
			<string>PBXFileReference</string>
			<key>lastKnownFileType</key>
			<string>sourcecode.c.h</string>
			<key>path</key>
			<string>Userinfo+CoreDataProperties.h</string>
			<key>sourceTree</key>
			<string>&lt;group&gt;</string>
		</dict>
		<key>B2EE73031CE70B9C0096E056</key>
		<dict>
			<key>fileEncoding</key>
			<string>4</string>
			<key>isa</key>
			<string>PBXFileReference</string>
			<key>lastKnownFileType</key>
			<string>sourcecode.c.objc</string>
			<key>path</key>
			<string>Userinfo+CoreDataProperties.m</string>
			<key>sourceTree</key>
			<string>&lt;group&gt;</string>
		</dict>
		<key>B2EE73041CE70B9C0096E056</key>
		<dict>
			<key>fileEncoding</key>
			<string>4</string>
			<key>isa</key>
			<string>PBXFileReference</string>
			<key>lastKnownFileType</key>
			<string>sourcecode.c.h</string>
			<key>path</key>
			<string>Userinfo.h</string>
			<key>sourceTree</key>
			<string>&lt;group&gt;</string>
		</dict>
		<key>B2EE73051CE70B9C0096E056</key>
		<dict>
			<key>fileEncoding</key>
			<string>4</string>
			<key>isa</key>
			<string>PBXFileReference</string>
			<key>lastKnownFileType</key>
			<string>sourcecode.c.objc</string>
			<key>path</key>
			<string>Userinfo.m</string>
			<key>sourceTree</key>
			<string>&lt;group&gt;</string>
		</dict>
		<key>B2EE73061CE70B9C0096E056</key>
		<dict>
			<key>fileRef</key>
			<string>B2EE73031CE70B9C0096E056</string>
			<key>isa</key>
			<string>PBXBuildFile</string>
		</dict>
		<key>B2EE73071CE70B9C0096E056</key>
		<dict>
			<key>fileRef</key>
			<string>B2EE73051CE70B9C0096E056</string>
			<key>isa</key>
			<string>PBXBuildFile</string>
		</dict>
		<key>BDC877DD04BC22B49859BC2E</key>
		<dict>
			<key>isa</key>
			<string>PBXFileReference</string>
			<key>lastKnownFileType</key>
			<string>wrapper.framework</string>
			<key>name</key>
			<string>AssetsLibrary.framework</string>
			<key>path</key>
			<string>System/Library/Frameworks/AssetsLibrary.framework</string>
			<key>sourceTree</key>
			<string>SDKROOT</string>
		</dict>
		<key>D349E064A8A0984F7A6A74CF</key>
		<dict>
			<key>fileRef</key>
			<string>BDC877DD04BC22B49859BC2E</string>
			<key>isa</key>
			<string>PBXBuildFile</string>
		</dict>
		<key>D8A3D51EBC148E7631C2B1C1</key>
		<dict>
			<key>fileRef</key>
			<string>4FDBCBC151CD6BCB7FB88D30</string>
			<key>isa</key>
			<string>PBXBuildFile</string>
		</dict>
		<key>F422C497A1E1EFC367F46489</key>
		<dict>
			<key>isa</key>
			<string>PBXFileReference</string>
			<key>lastKnownFileType</key>
			<string>wrapper.framework</string>
			<key>name</key>
			<string>AVFoundation.framework</string>
			<key>path</key>
			<string>System/Library/Frameworks/AVFoundation.framework</string>
			<key>sourceTree</key>
			<string>SDKROOT</string>
		</dict>
		<key>F46D4EC488B4B3AE8D8DBDFC</key>
		<dict>
			<key>children</key>
			<array>
				<string>7D1B8019F137F653FF4865DB</string>
				<string>BDC877DD04BC22B49859BC2E</string>
				<string>4FDBCBC151CD6BCB7FB88D30</string>
				<string>1ABC6D2AED9337ACE8535262</string>
				<string>06A033F78F8848D7E8F1AB7D</string>
				<string>A86F1B480265B913B72AF12E</string>
				<string>F422C497A1E1EFC367F46489</string>
				<string>8A250C3C56F3A963BD8FFCCA</string>
				<string>23D54F0D161F45235E127218</string>
			</array>
			<key>isa</key>
			<string>PBXGroup</string>
			<key>name</key>
			<string>Frameworks</string>
			<key>sourceTree</key>
			<string>&lt;group&gt;</string>
		</dict>
	</dict>
	<key>rootObject</key>
	<string>B2EE72C11CE6FA3E0096E056</string>
</dict>
</plist>
